
Microsoft Visual Studio Solution File, Format Version 12.00
# Visual Studio Version 17
VisualStudioVersion = 17.6.33617.297
MinimumVisualStudioVersion = 10.0.40219.1
Project("{FAE04EC0-301F-11D3-BF4B-00C04F79EFBC}") = "BaseAPI", "BaseAPI.csproj", "{D1EE0645-9D34-4E85-8E87-30D5C3714A1D}"
EndProject
Global
	GlobalSection(SolutionConfigurationPlatforms) = preSolution
		Debug|Any CPU = Debug|Any CPU
		Release|Any CPU = Release|Any CPU
	EndGlobalSection
	GlobalSection(ProjectConfigurationPlatforms) = postSolution
		{D1EE0645-9D34-4E85-8E87-30D5C3714A1D}.Debug|Any CPU.ActiveCfg = Debug|Any CPU
		{D1EE0645-9D34-4E85-8E87-30D5C3714A1D}.Debug|Any CPU.Build.0 = Debug|Any CPU
		{D1EE0645-9D34-4E85-8E87-30D5C3714A1D}.Release|Any CPU.ActiveCfg = Release|Any CPU
		{D1EE0645-9D34-4E85-8E87-30D5C3714A1D}.Release|Any CPU.Build.0 = Release|Any CPU
	EndGlobalSection
	GlobalSection(SolutionProperties) = preSolution
		HideSolutionNode = FALSE
	EndGlobalSection
	GlobalSection(ExtensibilityGlobals) = postSolution
		SolutionGuid = {F80AC7C6-F145-4B54-B3FE-7FE36ADD318A}
	EndGlobalSection
EndGlobal
